
Microsoft Visual Studio Solution File, Format Version 12.00
# Visual Studio Version 16
VisualStudioVersion = 16.0.30804.86
MinimumVisualStudioVersion = 10.0.40219.1
Project("{9A19103F-16F7-4668-BE54-9A1E7A4F7556}") = "Teste.Api", "Teste.Api\Teste.Api.csproj", "{1BEB98D7-6987-4E7F-8C46-F8B4AD662C2C}"
EndProject
Project("{9A19103F-16F7-4668-BE54-9A1E7A4F7556}") = "Teste.Core", "Teste.Core\Teste.Core.csproj", "{3CD9A46E-C7D2-4958-9631-68A538C9330C}"
EndProject
Project("{9A19103F-16F7-4668-BE54-9A1E7A4F7556}") = "Teste.Data", "Teste.Data\Teste.Data.csproj", "{BE9C40AE-7C3A-4484-969D-325EACABA98B}"
EndProject
Global
	GlobalSection(SolutionConfigurationPlatforms) = preSolution
		Debug|Any CPU = Debug|Any CPU
		Release|Any CPU = Release|Any CPU
	EndGlobalSection
	GlobalSection(ProjectConfigurationPlatforms) = postSolution
		{1BEB98D7-6987-4E7F-8C46-F8B4AD662C2C}.Debug|Any CPU.ActiveCfg = Debug|Any CPU
		{1BEB98D7-6987-4E7F-8C46-F8B4AD662C2C}.Debug|Any CPU.Build.0 = Debug|Any CPU
		{1BEB98D7-6987-4E7F-8C46-F8B4AD662C2C}.Release|Any CPU.ActiveCfg = Release|Any CPU
		{1BEB98D7-6987-4E7F-8C46-F8B4AD662C2C}.Release|Any CPU.Build.0 = Release|Any CPU
		{3CD9A46E-C7D2-4958-9631-68A538C9330C}.Debug|Any CPU.ActiveCfg = Debug|Any CPU
		{3CD9A46E-C7D2-4958-9631-68A538C9330C}.Debug|Any CPU.Build.0 = Debug|Any CPU
		{3CD9A46E-C7D2-4958-9631-68A538C9330C}.Release|Any CPU.ActiveCfg = Release|Any CPU
		{3CD9A46E-C7D2-4958-9631-68A538C9330C}.Release|Any CPU.Build.0 = Release|Any CPU
		{BE9C40AE-7C3A-4484-969D-325EACABA98B}.Debug|Any CPU.ActiveCfg = Debug|Any CPU
		{BE9C40AE-7C3A-4484-969D-325EACABA98B}.Debug|Any CPU.Build.0 = Debug|Any CPU
		{BE9C40AE-7C3A-4484-969D-325EACABA98B}.Release|Any CPU.ActiveCfg = Release|Any CPU
		{BE9C40AE-7C3A-4484-969D-325EACABA98B}.Release|Any CPU.Build.0 = Release|Any CPU
	EndGlobalSection
	GlobalSection(SolutionProperties) = preSolution
		HideSolutionNode = FALSE
	EndGlobalSection
	GlobalSection(ExtensibilityGlobals) = postSolution
		SolutionGuid = {CCD93799-61ED-4D27-8688-A14C6DCC09FB}
	EndGlobalSection
EndGlobal
